{
  "name": "project-update",
  "lockfileVersion": 3,
  "requires": true,
  "packages": {
    "": {
      "dependencies": {
        "npm-check-updates": "^17.1.2"
      }
    },
    "node_modules/npm-check-updates": {
      "version": "17.1.2",
      "resolved": "https://registry.npmjs.org/npm-check-updates/-/npm-check-updates-17.1.2.tgz",
      "integrity": "sha512-k3osAbCNXIXqC7QAuF2uRHsKtTUS50KhOW1VAojRHlLdZRh/5EYfduvnVPGDWsbQXFakbSrSbWDdV8qIvDSUtA==",
      "bin": {
        "ncu": "build/cli.js",
        "npm-check-updates": "build/cli.js"
      },
      "engines": {
        "node": "^18.18.0 || >=20.0.0",
        "npm": ">=8.12.1"
      }
    }
  }
}
