{
  "name": "project-update",
  "lockfileVersion": 3,
  "requires": true,
  "packages": {
    "": {
      "dependencies": {
        "npm-check-updates": "^18.0.0"
      }
    },
    "node_modules/npm-check-updates": {
      "version": "18.0.0",
      "resolved": "https://registry.npmjs.org/npm-check-updates/-/npm-check-updates-18.0.0.tgz",
      "integrity": "sha512-ymh9KF/xcGypQuCr5NQw1pAMRh5mHnQQDgHwM8gQBG8siG9XAKvcP9OtoARxFRgOjzEfjD6YtU/7KB2jJqGGlQ==",
      "license": "Apache-2.0",
      "bin": {
        "ncu": "build/cli.js",
        "npm-check-updates": "build/cli.js"
      },
      "engines": {
        "node": "^18.18.0 || >=20.0.0",
        "npm": ">=8.12.1"
      }
    }
  }
}
